
Microsoft Visual Studio Solution File, Format Version 12.00
# Visual Studio Version 16
VisualStudioVersion = 16.0.30907.101
MinimumVisualStudioVersion = 10.0.40219.1
Project("{FAE04EC0-301F-11D3-BF4B-00C04F79EFBC}") = "PactumWebService", "PactumWebService\PactumWebService.csproj", "{5E6C8F19-AAA1-4C03-97D4-62DCEBE0771F}"
EndProject
Project("{9A19103F-16F7-4668-BE54-9A1E7A4F7556}") = "sabatex.PactumContragent.Models", "sabatex.PactumContragent.Models\sabatex.PactumContragent.Models.csproj", "{AC4863D4-FC23-4B26-A8FF-5FE06953BC4C}"
EndProject
Global
	GlobalSection(SolutionConfigurationPlatforms) = preSolution
		Debug|Any CPU = Debug|Any CPU
		Release|Any CPU = Release|Any CPU
	EndGlobalSection
	GlobalSection(ProjectConfigurationPlatforms) = postSolution
		{5E6C8F19-AAA1-4C03-97D4-62DCEBE0771F}.Debug|Any CPU.ActiveCfg = Debug|Any CPU
		{5E6C8F19-AAA1-4C03-97D4-62DCEBE0771F}.Debug|Any CPU.Build.0 = Debug|Any CPU
		{5E6C8F19-AAA1-4C03-97D4-62DCEBE0771F}.Release|Any CPU.ActiveCfg = Release|Any CPU
		{5E6C8F19-AAA1-4C03-97D4-62DCEBE0771F}.Release|Any CPU.Build.0 = Release|Any CPU
		{AC4863D4-FC23-4B26-A8FF-5FE06953BC4C}.Debug|Any CPU.ActiveCfg = Debug|Any CPU
		{AC4863D4-FC23-4B26-A8FF-5FE06953BC4C}.Debug|Any CPU.Build.0 = Debug|Any CPU
		{AC4863D4-FC23-4B26-A8FF-5FE06953BC4C}.Release|Any CPU.ActiveCfg = Release|Any CPU
		{AC4863D4-FC23-4B26-A8FF-5FE06953BC4C}.Release|Any CPU.Build.0 = Release|Any CPU
	EndGlobalSection
	GlobalSection(SolutionProperties) = preSolution
		HideSolutionNode = FALSE
	EndGlobalSection
	GlobalSection(ExtensibilityGlobals) = postSolution
		SolutionGuid = {ABD5F9FE-4D37-4BCF-BD26-CA47B55E1AF2}
	EndGlobalSection
EndGlobal
